
Microsoft Visual Studio Solution File, Format Version 12.00
# Visual Studio 15
VisualStudioVersion = 15.0.28010.2050
MinimumVisualStudioVersion = 10.0.40219.1
Project("{FAE04EC0-301F-11D3-BF4B-00C04F79EFBC}") = "CallBackFunction", "CallBackFunction\CallBackFunction.csproj", "{2629C8E3-D452-4B89-A629-2FDBF03C003D}"
EndProject
Project("{FAE04EC0-301F-11D3-BF4B-00C04F79EFBC}") = "Baebaego.Demo.SoftWareDesigner", "Baebaego.Demo.SoftWareDesigner\Baebaego.Demo.SoftWareDesigner.csproj", "{1E41AA03-D1E4-47F4-A23A-848E4261A352}"
EndProject
Project("{FAE04EC0-301F-11D3-BF4B-00C04F79EFBC}") = "Inherit", "Inherit\Inherit.csproj", "{3DD9DFF1-95D7-451A-8F5A-E7AA13D2709C}"
EndProject
Project("{FAE04EC0-301F-11D3-BF4B-00C04F79EFBC}") = "OCP", "OCP\OCP.csproj", "{206675C0-960A-4097-9968-BBFEF0210B93}"
EndProject
Project("{FAE04EC0-301F-11D3-BF4B-00C04F79EFBC}") = "LSP", "LSP\LSP.csproj", "{6343D53A-1A4E-4588-8855-6F9471BFF9B1}"
EndProject
Global
	GlobalSection(SolutionConfigurationPlatforms) = preSolution
		Debug|Any CPU = Debug|Any CPU
		Release|Any CPU = Release|Any CPU
	EndGlobalSection
	GlobalSection(ProjectConfigurationPlatforms) = postSolution
		{2629C8E3-D452-4B89-A629-2FDBF03C003D}.Debug|Any CPU.ActiveCfg = Debug|Any CPU
		{2629C8E3-D452-4B89-A629-2FDBF03C003D}.Debug|Any CPU.Build.0 = Debug|Any CPU
		{2629C8E3-D452-4B89-A629-2FDBF03C003D}.Release|Any CPU.ActiveCfg = Release|Any CPU
		{2629C8E3-D452-4B89-A629-2FDBF03C003D}.Release|Any CPU.Build.0 = Release|Any CPU
		{1E41AA03-D1E4-47F4-A23A-848E4261A352}.Debug|Any CPU.ActiveCfg = Debug|Any CPU
		{1E41AA03-D1E4-47F4-A23A-848E4261A352}.Debug|Any CPU.Build.0 = Debug|Any CPU
		{1E41AA03-D1E4-47F4-A23A-848E4261A352}.Release|Any CPU.ActiveCfg = Release|Any CPU
		{1E41AA03-D1E4-47F4-A23A-848E4261A352}.Release|Any CPU.Build.0 = Release|Any CPU
		{3DD9DFF1-95D7-451A-8F5A-E7AA13D2709C}.Debug|Any CPU.ActiveCfg = Debug|Any CPU
		{3DD9DFF1-95D7-451A-8F5A-E7AA13D2709C}.Debug|Any CPU.Build.0 = Debug|Any CPU
		{3DD9DFF1-95D7-451A-8F5A-E7AA13D2709C}.Release|Any CPU.ActiveCfg = Release|Any CPU
		{3DD9DFF1-95D7-451A-8F5A-E7AA13D2709C}.Release|Any CPU.Build.0 = Release|Any CPU
		{206675C0-960A-4097-9968-BBFEF0210B93}.Debug|Any CPU.ActiveCfg = Debug|Any CPU
		{206675C0-960A-4097-9968-BBFEF0210B93}.Debug|Any CPU.Build.0 = Debug|Any CPU
		{206675C0-960A-4097-9968-BBFEF0210B93}.Release|Any CPU.ActiveCfg = Release|Any CPU
		{206675C0-960A-4097-9968-BBFEF0210B93}.Release|Any CPU.Build.0 = Release|Any CPU
		{6343D53A-1A4E-4588-8855-6F9471BFF9B1}.Debug|Any CPU.ActiveCfg = Debug|Any CPU
		{6343D53A-1A4E-4588-8855-6F9471BFF9B1}.Debug|Any CPU.Build.0 = Debug|Any CPU
		{6343D53A-1A4E-4588-8855-6F9471BFF9B1}.Release|Any CPU.ActiveCfg = Release|Any CPU
		{6343D53A-1A4E-4588-8855-6F9471BFF9B1}.Release|Any CPU.Build.0 = Release|Any CPU
	EndGlobalSection
	GlobalSection(SolutionProperties) = preSolution
		HideSolutionNode = FALSE
	EndGlobalSection
	GlobalSection(ExtensibilityGlobals) = postSolution
		SolutionGuid = {A17BC6F5-BA2A-45C5-826D-4E01FFCAE13C}
	EndGlobalSection
EndGlobal
